{
  "nodes": {
    "home": {
      "inputs": {
        "nixpkgs": [
          "nixpkgs"
        ]
      },
      "locked": {
        "lastModified": 1626356862,
        "narHash": "sha256-4ONLWH4UygF4pI0XBej8+2OMUrdb8HsUUFsiRDFmjrk=",
        "owner": "nix-community",
        "repo": "home-manager",
        "rev": "c476cc61b2dd8c7f868b213b7757b565bdf2bb7d",
        "type": "github"
      },
      "original": {
        "owner": "nix-community",
        "ref": "master",
        "repo": "home-manager",
        "type": "github"
      }
    },
    "latest": {
      "locked": {
        "lastModified": 1626561716,
        "narHash": "sha256-dyx3dXS7mi1IEHHmQUkeZ3+Jdvr1MxPrCbwA3TcWqZU=",
        "owner": "nixos",
        "repo": "nixpkgs",
        "rev": "24debc24c6736fd51960693b896752821e108733",
        "type": "github"
      },
      "original": {
        "owner": "nixos",
        "ref": "master",
        "repo": "nixpkgs",
        "type": "github"
      }
    },
    "nixpkgs": {
      "locked": {
        "lastModified": 1626464457,
        "narHash": "sha256-u2PCh/+8vQSLwf0mPpKHKQ8hAPB3l4uNZR3r0TdK2Lg=",
        "owner": "nixos",
        "repo": "nixpkgs",
        "rev": "c6c4a3d45ab200f17805d2d86a1ff1cc7ca2b186",
        "type": "github"
      },
      "original": {
        "owner": "nixos",
        "ref": "nixos-unstable",
        "repo": "nixpkgs",
        "type": "github"
      }
    },
    "root": {
      "inputs": {
        "home": "home",
        "latest": "latest",
        "nixpkgs": "nixpkgs"
      }
    }
  },
  "root": "root",
  "version": 7
}
