{
  "nodes": {
    "flake-compat": {
      "flake": false,
      "locked": {
        "lastModified": 1668681692,
        "narHash": "sha256-Ht91NGdewz8IQLtWZ9LCeNXMSXHUss+9COoqu6JLmXU=",
        "owner": "edolstra",
        "repo": "flake-compat",
        "rev": "009399224d5e398d03b22badca40a37ac85412a1",
        "type": "github"
      },
      "original": {
        "owner": "edolstra",
        "repo": "flake-compat",
        "type": "github"
      }
    },
    "flake-utils": {
      "locked": {
        "lastModified": 1667395993,
        "narHash": "sha256-nuEHfE/LcWyuSWnS8t12N1wc105Qtau+/OdUAjtQ0rA=",
        "owner": "numtide",
        "repo": "flake-utils",
        "rev": "5aed5285a952e0b949eb3ba02c12fa4fcfef535f",
        "type": "github"
      },
      "original": {
        "owner": "numtide",
        "repo": "flake-utils",
        "type": "github"
      }
    },
    "home-manager": {
      "inputs": {
        "nixpkgs": [
          "nixpkgs"
        ],
        "utils": "utils"
      },
      "locked": {
        "lastModified": 1671335968,
        "narHash": "sha256-V7mjlh7brp70elokmml6XzHinpTilkQJjiYIGjEmSGs=",
        "owner": "nix-community",
        "repo": "home-manager",
        "rev": "37713c6b04b963d41664e03576f73a18c9b0d224",
        "type": "github"
      },
      "original": {
        "owner": "nix-community",
        "repo": "home-manager",
        "type": "github"
      }
    },
    "impermanence": {
      "locked": {
        "lastModified": 1668668915,
        "narHash": "sha256-QjY4ZZbs9shwO4LaLpvlU2bO9J1juYhO9NtV3nrbnYQ=",
        "owner": "nix-community",
        "repo": "impermanence",
        "rev": "5df9108b346f8a42021bf99e50de89c9caa251c3",
        "type": "github"
      },
      "original": {
        "owner": "nix-community",
        "ref": "master",
        "repo": "impermanence",
        "type": "github"
      }
    },
    "lunarVim": {
      "flake": false,
      "locked": {
        "lastModified": 1671276837,
        "narHash": "sha256-Zzcr+w7/JtqcN8E/13uNUh9RkB2ocDjq7ux+PMir864=",
        "owner": "LunarVim",
        "repo": "LunarVim",
        "rev": "b661efb3179e9ee7c44c5b2f885f5a7e837ea19d",
        "type": "github"
      },
      "original": {
        "owner": "LunarVim",
        "repo": "LunarVim",
        "type": "github"
      }
    },
    "neovim-flake": {
      "inputs": {
        "flake-utils": "flake-utils",
        "nixpkgs": [
          "neovim-nightly",
          "nixpkgs"
        ]
      },
      "locked": {
        "dir": "contrib",
        "lastModified": 1671329955,
        "narHash": "sha256-pe2HqSNzufUU1bcz6+lkxPhtjG8AuN22S3WSmf5cDAw=",
        "owner": "neovim",
        "repo": "neovim",
        "rev": "1743359235206cbd9da2e0589f1caba37cce3b8c",
        "type": "github"
      },
      "original": {
        "dir": "contrib",
        "owner": "neovim",
        "repo": "neovim",
        "type": "github"
      }
    },
    "neovim-nightly": {
      "inputs": {
        "flake-compat": "flake-compat",
        "neovim-flake": "neovim-flake",
        "nixpkgs": "nixpkgs"
      },
      "locked": {
        "lastModified": 1671351197,
        "narHash": "sha256-2dBceyl/Lc1yVg1DSiwyJWSbkUzikiwPm89cI4JPOWI=",
        "owner": "nix-community",
        "repo": "neovim-nightly-overlay",
        "rev": "da3ed736e4abcc9e25180c53fd2c2ccaf72ef906",
        "type": "github"
      },
      "original": {
        "owner": "nix-community",
        "repo": "neovim-nightly-overlay",
        "type": "github"
      }
    },
    "nixos-hardware": {
      "locked": {
        "lastModified": 1671228065,
        "narHash": "sha256-Az/ig9LVL5xdqtyl4/CVKJIH1G7sP/9Ott2XnNyie0E=",
        "owner": "NixOS",
        "repo": "nixos-hardware",
        "rev": "e462a4baf75eeac639b4942481759de08a3bc94e",
        "type": "github"
      },
      "original": {
        "owner": "NixOS",
        "repo": "nixos-hardware",
        "type": "github"
      }
    },
    "nixpkgs": {
      "locked": {
        "lastModified": 1671268780,
        "narHash": "sha256-9Okbivo10bcXEGCtmAQNfJt1Zpk6B3tjkSQ2CIXmTCg=",
        "owner": "nixos",
        "repo": "nixpkgs",
        "rev": "80c24eeb9ff46aa99617844d0c4168659e35175f",
        "type": "github"
      },
      "original": {
        "owner": "nixos",
        "ref": "nixpkgs-unstable",
        "repo": "nixpkgs",
        "type": "github"
      }
    },
    "nixpkgs-latest": {
      "locked": {
        "lastModified": 1671364329,
        "narHash": "sha256-KXjhoG+jWtKqv3zXU6tHrGLY/c2f16/RBZlzpgo8a+E=",
        "owner": "NixOS",
        "repo": "nixpkgs",
        "rev": "58a02bb65da886e526e0ea37f84d34dbd4308323",
        "type": "github"
      },
      "original": {
        "owner": "NixOS",
        "ref": "master",
        "repo": "nixpkgs",
        "type": "github"
      }
    },
    "nixpkgs-unstable": {
      "locked": {
        "lastModified": 1671200928,
        "narHash": "sha256-mZfzDyzojwj6I0wyooIjGIn81WtGVnx6+avU5Wv+VKU=",
        "owner": "NixOS",
        "repo": "nixpkgs",
        "rev": "757b82211463dd5ba1475b6851d3731dfe14d377",
        "type": "github"
      },
      "original": {
        "owner": "NixOS",
        "ref": "nixos-unstable",
        "repo": "nixpkgs",
        "type": "github"
      }
    },
    "nixpkgs_2": {
      "locked": {
        "lastModified": 1671215800,
        "narHash": "sha256-2W54K41A7MefEaWzgL/TsaWlhKRK/RhWUybyOW4i0K8=",
        "owner": "NixOS",
        "repo": "nixpkgs",
        "rev": "9d692a724e74d2a49f7c985132972f991d144254",
        "type": "github"
      },
      "original": {
        "owner": "NixOS",
        "ref": "nixos-22.11",
        "repo": "nixpkgs",
        "type": "github"
      }
    },
    "root": {
      "inputs": {
        "home-manager": "home-manager",
        "impermanence": "impermanence",
        "lunarVim": "lunarVim",
        "neovim-nightly": "neovim-nightly",
        "nixos-hardware": "nixos-hardware",
        "nixpkgs": "nixpkgs_2",
        "nixpkgs-latest": "nixpkgs-latest",
        "nixpkgs-unstable": "nixpkgs-unstable",
        "utils": "utils_2"
      }
    },
    "utils": {
      "locked": {
        "lastModified": 1667395993,
        "narHash": "sha256-nuEHfE/LcWyuSWnS8t12N1wc105Qtau+/OdUAjtQ0rA=",
        "owner": "numtide",
        "repo": "flake-utils",
        "rev": "5aed5285a952e0b949eb3ba02c12fa4fcfef535f",
        "type": "github"
      },
      "original": {
        "owner": "numtide",
        "repo": "flake-utils",
        "type": "github"
      }
    },
    "utils_2": {
      "locked": {
        "lastModified": 1667395993,
        "narHash": "sha256-nuEHfE/LcWyuSWnS8t12N1wc105Qtau+/OdUAjtQ0rA=",
        "owner": "numtide",
        "repo": "flake-utils",
        "rev": "5aed5285a952e0b949eb3ba02c12fa4fcfef535f",
        "type": "github"
      },
      "original": {
        "owner": "numtide",
        "repo": "flake-utils",
        "type": "github"
      }
    }
  },
  "root": "root",
  "version": 7
}
